
Microsoft Visual Studio Solution File, Format Version 12.00
# Visual Studio Version 17
VisualStudioVersion = 17.7.34024.191
MinimumVisualStudioVersion = 10.0.40219.1
Project("{9A19103F-16F7-4668-BE54-9A1E7A4F7556}") = "Stage0", "Stage0\Stage0.csproj", "{DD41B695-6527-4C9B-8CEA-D6EAA87D8ABD}"
EndProject
Project("{2150E333-8FDC-42A3-9474-1A3956D46DE8}") = "Solution Items", "Solution Items", "{1066AEEF-F3E2-46B7-8BDF-AD1BAF8E8AAD}"
	ProjectSection(SolutionItems) = preProject
		README.md = README.md
	EndProjectSection
EndProject
Project("{9A19103F-16F7-4668-BE54-9A1E7A4F7556}") = "DalFacade", "DalFacade\DalFacade.csproj", "{D55C5F1D-3D0F-4FF2-8B58-DE402CF0D91E}"
EndProject
Project("{9A19103F-16F7-4668-BE54-9A1E7A4F7556}") = "DalList", "DalList\DalList.csproj", "{D2C4DE5D-79FA-4D8E-9C3C-F8121F39A09A}"
EndProject
Project("{9A19103F-16F7-4668-BE54-9A1E7A4F7556}") = "DalTest", "DalTest\DalTest.csproj", "{95739C73-5D80-498C-8093-1F55409203DF}"
EndProject
Project("{FAE04EC0-301F-11D3-BF4B-00C04F79EFBC}") = "DalXml", "DalXml\DalXml.csproj", "{EC55E1BC-B6C2-4F98-B698-0A760684D810}"
EndProject
Project("{2150E333-8FDC-42A3-9474-1A3956D46DE8}") = "xml", "xml", "{B792CA32-71B5-4DCB-86B1-A87F15A6596A}"
	ProjectSection(SolutionItems) = preProject
		xml\data-config.xml = xml\data-config.xml
		xml\dependencys.xml = xml\dependencys.xml
		xml\engineers.xml = xml\engineers.xml
		xml\tasks.xml = xml\tasks.xml
	EndProjectSection
EndProject
Global
	GlobalSection(SolutionConfigurationPlatforms) = preSolution
		Debug|Any CPU = Debug|Any CPU
		Release|Any CPU = Release|Any CPU
	EndGlobalSection
	GlobalSection(ProjectConfigurationPlatforms) = postSolution
		{DD41B695-6527-4C9B-8CEA-D6EAA87D8ABD}.Debug|Any CPU.ActiveCfg = Debug|Any CPU
		{DD41B695-6527-4C9B-8CEA-D6EAA87D8ABD}.Debug|Any CPU.Build.0 = Debug|Any CPU
		{DD41B695-6527-4C9B-8CEA-D6EAA87D8ABD}.Release|Any CPU.ActiveCfg = Release|Any CPU
		{DD41B695-6527-4C9B-8CEA-D6EAA87D8ABD}.Release|Any CPU.Build.0 = Release|Any CPU
		{D55C5F1D-3D0F-4FF2-8B58-DE402CF0D91E}.Debug|Any CPU.ActiveCfg = Debug|Any CPU
		{D55C5F1D-3D0F-4FF2-8B58-DE402CF0D91E}.Debug|Any CPU.Build.0 = Debug|Any CPU
		{D55C5F1D-3D0F-4FF2-8B58-DE402CF0D91E}.Release|Any CPU.ActiveCfg = Release|Any CPU
		{D55C5F1D-3D0F-4FF2-8B58-DE402CF0D91E}.Release|Any CPU.Build.0 = Release|Any CPU
		{D2C4DE5D-79FA-4D8E-9C3C-F8121F39A09A}.Debug|Any CPU.ActiveCfg = Debug|Any CPU
		{D2C4DE5D-79FA-4D8E-9C3C-F8121F39A09A}.Debug|Any CPU.Build.0 = Debug|Any CPU
		{D2C4DE5D-79FA-4D8E-9C3C-F8121F39A09A}.Release|Any CPU.ActiveCfg = Release|Any CPU
		{D2C4DE5D-79FA-4D8E-9C3C-F8121F39A09A}.Release|Any CPU.Build.0 = Release|Any CPU
		{95739C73-5D80-498C-8093-1F55409203DF}.Debug|Any CPU.ActiveCfg = Debug|Any CPU
		{95739C73-5D80-498C-8093-1F55409203DF}.Debug|Any CPU.Build.0 = Debug|Any CPU
		{95739C73-5D80-498C-8093-1F55409203DF}.Release|Any CPU.ActiveCfg = Release|Any CPU
		{95739C73-5D80-498C-8093-1F55409203DF}.Release|Any CPU.Build.0 = Release|Any CPU
		{EC55E1BC-B6C2-4F98-B698-0A760684D810}.Debug|Any CPU.ActiveCfg = Debug|Any CPU
		{EC55E1BC-B6C2-4F98-B698-0A760684D810}.Debug|Any CPU.Build.0 = Debug|Any CPU
		{EC55E1BC-B6C2-4F98-B698-0A760684D810}.Release|Any CPU.ActiveCfg = Release|Any CPU
		{EC55E1BC-B6C2-4F98-B698-0A760684D810}.Release|Any CPU.Build.0 = Release|Any CPU
	EndGlobalSection
	GlobalSection(SolutionProperties) = preSolution
		HideSolutionNode = FALSE
	EndGlobalSection
	GlobalSection(ExtensibilityGlobals) = postSolution
		SolutionGuid = {B3FC26A7-050B-4287-9437-29CDCF5C77BB}
	EndGlobalSection
EndGlobal
