
Microsoft Visual Studio Solution File, Format Version 12.00
# Visual Studio Version 17
VisualStudioVersion = 17.7.34024.191
MinimumVisualStudioVersion = 10.0.40219.1
Project("{FAE04EC0-301F-11D3-BF4B-00C04F79EFBC}") = "Stage0", "Stage0\Stage0.csproj", "{DD41B695-6527-4C9B-8CEA-D6EAA87D8ABD}"
EndProject
Global
	GlobalSection(SolutionConfigurationPlatforms) = preSolution
		Debug|Any CPU = Debug|Any CPU
		Release|Any CPU = Release|Any CPU
	EndGlobalSection
	GlobalSection(ProjectConfigurationPlatforms) = postSolution
		{DD41B695-6527-4C9B-8CEA-D6EAA87D8ABD}.Debug|Any CPU.ActiveCfg = Debug|Any CPU
		{DD41B695-6527-4C9B-8CEA-D6EAA87D8ABD}.Debug|Any CPU.Build.0 = Debug|Any CPU
		{DD41B695-6527-4C9B-8CEA-D6EAA87D8ABD}.Release|Any CPU.ActiveCfg = Release|Any CPU
		{DD41B695-6527-4C9B-8CEA-D6EAA87D8ABD}.Release|Any CPU.Build.0 = Release|Any CPU
	EndGlobalSection
	GlobalSection(SolutionProperties) = preSolution
		HideSolutionNode = FALSE
	EndGlobalSection
	GlobalSection(ExtensibilityGlobals) = postSolution
		SolutionGuid = {B3FC26A7-050B-4287-9437-29CDCF5C77BB}
	EndGlobalSection
EndGlobal
